
Microsoft Visual Studio Solution File, Format Version 12.00
# Visual Studio 15
VisualStudioVersion = 15.0.26730.16
MinimumVisualStudioVersion = 10.0.40219.1
Project("{FAE04EC0-301F-11D3-BF4B-00C04F79EFBC}") = "ComeOnIlene", "ComeOnIlene\ComeOnIlene.csproj", "{792782C2-7CFC-45F0-A0A3-81030A334EF0}"
EndProject
Global
	GlobalSection(SolutionConfigurationPlatforms) = preSolution
		Debug|Any CPU = Debug|Any CPU
		Release|Any CPU = Release|Any CPU
	EndGlobalSection
	GlobalSection(ProjectConfigurationPlatforms) = postSolution
		{792782C2-7CFC-45F0-A0A3-81030A334EF0}.Debug|Any CPU.ActiveCfg = Debug|Any CPU
		{792782C2-7CFC-45F0-A0A3-81030A334EF0}.Debug|Any CPU.Build.0 = Debug|Any CPU
		{792782C2-7CFC-45F0-A0A3-81030A334EF0}.Release|Any CPU.ActiveCfg = Release|Any CPU
		{792782C2-7CFC-45F0-A0A3-81030A334EF0}.Release|Any CPU.Build.0 = Release|Any CPU
	EndGlobalSection
	GlobalSection(SolutionProperties) = preSolution
		HideSolutionNode = FALSE
	EndGlobalSection
	GlobalSection(ExtensibilityGlobals) = postSolution
		SolutionGuid = {B74877C6-46A6-4165-B914-C6A3CBB7D076}
	EndGlobalSection
EndGlobal
